<?xml version="1.0" encoding="utf-8"?>
<Project ToolsVersion="14.0" xmlns="http://schemas.microsoft.com/developer/msbuild/2003">
  <ItemGroup>
    <ClCompile Include="..\src\pcre2_auto_possess.c">
      <Filter>Source Files</Filter>
    </ClCompile>
    <ClCompile Include="..\vstudio\pcre2_chartables.c">
      <Filter>Source Files</Filter>
    </ClCompile>
    <ClCompile Include="..\src\pcre2_compile.c">
      <Filter>Source Files</Filter>
    </ClCompile>
    <ClCompile Include="..\src\pcre2_config.c">
      <Filter>Source Files</Filter>
    </ClCompile>
    <ClCompile Include="..\src\pcre2_context.c">
      <Filter>Source Files</Filter>
    </ClCompile>
    <ClCompile Include="..\src\pcre2_dfa_match.c">
      <Filter>Source Files</Filter>
    </ClCompile>
    <ClCompile Include="..\src\pcre2_error.c">
      <Filter>Source Files</Filter>
    </ClCompile>
    <ClCompile Include="..\src\pcre2_find_bracket.c">
      <Filter>Source Files</Filter>
    </ClCompile>
    <ClCompile Include="..\src\pcre2_jit_compile.c">
      <Filter>Source Files</Filter>
    </ClCompile>
    <ClCompile Include="..\src\pcre2_maketables.c">
      <Filter>Source Files</Filter>
    </ClCompile>
    <ClCompile Include="..\src\pcre2_match.c">
      <Filter>Source Files</Filter>
    </ClCompile>
    <ClCompile Include="..\src\pcre2_match_data.c">
      <Filter>Source Files</Filter>
    </ClCompile>
    <ClCompile Include="..\src\pcre2_newline.c">
      <Filter>Source Files</Filter>
    </ClCompile>
    <ClCompile Include="..\src\pcre2_ord2utf.c">
      <Filter>Source Files</Filter>
    </ClCompile>
    <ClCompile Include="..\src\pcre2_pattern_info.c">
      <Filter>Source Files</Filter>
    </ClCompile>
    <ClCompile Include="..\src\pcre2_serialize.c">
      <Filter>Source Files</Filter>
    </ClCompile>
    <ClCompile Include="..\src\pcre2_string_utils.c">
      <Filter>Source Files</Filter>
    </ClCompile>
    <ClCompile Include="..\src\pcre2_study.c">
      <Filter>Source Files</Filter>
    </ClCompile>
    <ClCompile Include="..\src\pcre2_substitute.c">
      <Filter>Source Files</Filter>
    </ClCompile>
    <ClCompile Include="..\src\pcre2_substring.c">
      <Filter>Source Files</Filter>
    </ClCompile>
    <ClCompile Include="..\src\pcre2_tables.c">
      <Filter>Source Files</Filter>
    </ClCompile>
    <ClCompile Include="..\src\pcre2_ucd.c">
      <Filter>Source Files</Filter>
    </ClCompile>
    <ClCompile Include="..\src\pcre2_valid_utf.c">
      <Filter>Source Files</Filter>
    </ClCompile>
    <ClCompile Include="..\src\pcre2_xclass.c">
      <Filter>Source Files</Filter>
    </ClCompile>
  </ItemGroup>
  <ItemGroup>
    <ClInclude Include="..\vstudio\pcre2.h">
      <Filter>Header Files</Filter>
    </ClInclude>
    <ClInclude Include="..\vstudio\config.h">
      <Filter>Header Files</Filter>
    </ClInclude>
  </ItemGroup>
  <ItemGroup>
    <Filter Include="Source Files">
      <UniqueIdentifier>{FF2FFFB6-7EFA-38ED-A2D3-3D5CA5068270}</UniqueIdentifier>
    </Filter>
    <Filter Include="Header Files">
      <UniqueIdentifier>{555C1D7D-2C55-31BF-826A-02F6C70E17FB}</UniqueIdentifier>
    </Filter>
  </ItemGroup>
</Project>